
Microsoft Visual Studio Solution File, Format Version 12.00
# Visual Studio Version 17
VisualStudioVersion = 17.9.34607.119
MinimumVisualStudioVersion = 10.0.40219.1
Project("{FAE04EC0-301F-11D3-BF4B-00C04F79EFBC}") = "insuren", "insuren\insuren.csproj", "{78990CD6-C2B1-4D7E-95C6-01B691A21A4E}"
EndProject
Global
	GlobalSection(SolutionConfigurationPlatforms) = preSolution
		Debug|Any CPU = Debug|Any CPU
		Release|Any CPU = Release|Any CPU
	EndGlobalSection
	GlobalSection(ProjectConfigurationPlatforms) = postSolution
		{78990CD6-C2B1-4D7E-95C6-01B691A21A4E}.Debug|Any CPU.ActiveCfg = Debug|Any CPU
		{78990CD6-C2B1-4D7E-95C6-01B691A21A4E}.Debug|Any CPU.Build.0 = Debug|Any CPU
		{78990CD6-C2B1-4D7E-95C6-01B691A21A4E}.Release|Any CPU.ActiveCfg = Release|Any CPU
		{78990CD6-C2B1-4D7E-95C6-01B691A21A4E}.Release|Any CPU.Build.0 = Release|Any CPU
	EndGlobalSection
	GlobalSection(SolutionProperties) = preSolution
		HideSolutionNode = FALSE
	EndGlobalSection
	GlobalSection(ExtensibilityGlobals) = postSolution
		SolutionGuid = {B19D5488-6111-488D-A46C-277E95E6E1CA}
	EndGlobalSection
EndGlobal
